{
  "requires": true,
  "lockfileVersion": 1,
  "dependencies": {
    "dooboolab-welcome": {
      "version": "1.1.1",
      "resolved": "https://registry.npmjs.org/dooboolab-welcome/-/dooboolab-welcome-1.1.1.tgz",
      "integrity": "sha512-tQ/9NBCGnalHwKOBjDqTD4t4wQpDfSSbxQGctzkzaLHR3AhN0wCBkIs05JciVtvl/jfLZ+DgAndktAMk3Bu7Vw=="
    },
    "react-native-drop-down-item": {
      "version": "1.1.0",
      "resolved": "https://registry.npmjs.org/react-native-drop-down-item/-/react-native-drop-down-item-1.1.0.tgz",
      "integrity": "sha512-kyaCr+L9HrcdHy/0M2p3KQ9xy+QC31Or0l06y8Kwz2oe00kXlNZpZjvj35Z4XORa4rBnzn4qJ082rnASgTe9vw==",
      "requires": {
        "dooboolab-welcome": "^1.1.0"
      }
    }
  }
}
